
Microsoft Visual Studio Solution File, Format Version 12.00
# Visual Studio 15
VisualStudioVersion = 15.0.28010.2016
MinimumVisualStudioVersion = 10.0.40219.1
Project("{FAE04EC0-301F-11D3-BF4B-00C04F79EFBC}") = "EntityFramework1", "EntityFramework1\EntityFramework1.csproj", "{E10A12F9-6E7A-49A6-B5BC-B5E5FEB85626}"
EndProject
Global
	GlobalSection(SolutionConfigurationPlatforms) = preSolution
		Debug|Any CPU = Debug|Any CPU
		Release|Any CPU = Release|Any CPU
	EndGlobalSection
	GlobalSection(ProjectConfigurationPlatforms) = postSolution
		{E10A12F9-6E7A-49A6-B5BC-B5E5FEB85626}.Debug|Any CPU.ActiveCfg = Debug|Any CPU
		{E10A12F9-6E7A-49A6-B5BC-B5E5FEB85626}.Debug|Any CPU.Build.0 = Debug|Any CPU
		{E10A12F9-6E7A-49A6-B5BC-B5E5FEB85626}.Release|Any CPU.ActiveCfg = Release|Any CPU
		{E10A12F9-6E7A-49A6-B5BC-B5E5FEB85626}.Release|Any CPU.Build.0 = Release|Any CPU
	EndGlobalSection
	GlobalSection(SolutionProperties) = preSolution
		HideSolutionNode = FALSE
	EndGlobalSection
	GlobalSection(ExtensibilityGlobals) = postSolution
		SolutionGuid = {D5D75D28-326D-4538-B2B9-5F9169304D32}
	EndGlobalSection
EndGlobal
